// !$*UTF8*$!
{
	archiveVersion = 1;
	classes = {
	};
	objectVersion = 56;
	objects = {

/* Begin PBXBuildFile section */
		ED9ADA382973D1B6009371AF /* TodoAppTutorialApp.swift in Sources */ = {isa = PBXBuildFile; fileRef = ED9ADA372973D1B6009371AF /* TodoAppTutorialApp.swift */; };
		ED9ADA3C2973D1B6009371AF /* Assets.xcassets in Resources */ = {isa = PBXBuildFile; fileRef = ED9ADA3B2973D1B6009371AF /* Assets.xcassets */; };
		ED9ADA3F2973D1B6009371AF /* Preview Assets.xcassets in Resources */ = {isa = PBXBuildFile; fileRef = ED9ADA3E2973D1B6009371AF /* Preview Assets.xcassets */; };
		ED9ADA472973DA85009371AF /* MainVC.storyboard in Resources */ = {isa = PBXBuildFile; fileRef = ED9ADA462973DA85009371AF /* MainVC.storyboard */; };
		ED9ADA492973DAA0009371AF /* MainVC.swift in Sources */ = {isa = PBXBuildFile; fileRef = ED9ADA482973DAA0009371AF /* MainVC.swift */; };
		EDC478D42973E63D00CFFB4D /* TodoCell.xib in Resources */ = {isa = PBXBuildFile; fileRef = EDC478D32973E63D00CFFB4D /* TodoCell.xib */; };
		EDC478D72973E8E200CFFB4D /* TodoCell.swift in Sources */ = {isa = PBXBuildFile; fileRef = EDC478D62973E8E200CFFB4D /* TodoCell.swift */; };
		EDFB79CF2973F4F4009C6EFA /* TodosView.swift in Sources */ = {isa = PBXBuildFile; fileRef = EDFB79CE2973F4F4009C6EFA /* TodosView.swift */; };
		EDFB79D2297408B5009C6EFA /* Button+Style.swift in Sources */ = {isa = PBXBuildFile; fileRef = EDFB79D1297408B5009C6EFA /* Button+Style.swift */; };
		EDFB79D529741038009C6EFA /* UISearchBarWrapper.swift in Sources */ = {isa = PBXBuildFile; fileRef = EDFB79D429741038009C6EFA /* UISearchBarWrapper.swift */; };
		EDFB79D7297411A6009C6EFA /* TodoRow.swift in Sources */ = {isa = PBXBuildFile; fileRef = EDFB79D6297411A6009C6EFA /* TodoRow.swift */; };
/* End PBXBuildFile section */

/* Begin PBXFileReference section */
		ED9ADA342973D1B6009371AF /* TodoAppTutorial.app */ = {isa = PBXFileReference; explicitFileType = wrapper.application; includeInIndex = 0; path = TodoAppTutorial.app; sourceTree = BUILT_PRODUCTS_DIR; };
		ED9ADA372973D1B6009371AF /* TodoAppTutorialApp.swift */ = {isa = PBXFileReference; lastKnownFileType = sourcecode.swift; path = TodoAppTutorialApp.swift; sourceTree = "<group>"; };
		ED9ADA3B2973D1B6009371AF /* Assets.xcassets */ = {isa = PBXFileReference; lastKnownFileType = folder.assetcatalog; path = Assets.xcassets; sourceTree = "<group>"; };
		ED9ADA3E2973D1B6009371AF /* Preview Assets.xcassets */ = {isa = PBXFileReference; lastKnownFileType = folder.assetcatalog; path = "Preview Assets.xcassets"; sourceTree = "<group>"; };
		ED9ADA462973DA85009371AF /* MainVC.storyboard */ = {isa = PBXFileReference; lastKnownFileType = file.storyboard; path = MainVC.storyboard; sourceTree = "<group>"; };
		ED9ADA482973DAA0009371AF /* MainVC.swift */ = {isa = PBXFileReference; lastKnownFileType = sourcecode.swift; path = MainVC.swift; sourceTree = "<group>"; };
		EDC478D32973E63D00CFFB4D /* TodoCell.xib */ = {isa = PBXFileReference; lastKnownFileType = file.xib; path = TodoCell.xib; sourceTree = "<group>"; };
		EDC478D62973E8E200CFFB4D /* TodoCell.swift */ = {isa = PBXFileReference; lastKnownFileType = sourcecode.swift; path = TodoCell.swift; sourceTree = "<group>"; };
		EDFB79CE2973F4F4009C6EFA /* TodosView.swift */ = {isa = PBXFileReference; lastKnownFileType = sourcecode.swift; path = TodosView.swift; sourceTree = "<group>"; };
		EDFB79D1297408B5009C6EFA /* Button+Style.swift */ = {isa = PBXFileReference; lastKnownFileType = sourcecode.swift; path = "Button+Style.swift"; sourceTree = "<group>"; };
		EDFB79D429741038009C6EFA /* UISearchBarWrapper.swift */ = {isa = PBXFileReference; lastKnownFileType = sourcecode.swift; path = UISearchBarWrapper.swift; sourceTree = "<group>"; };
		EDFB79D6297411A6009C6EFA /* TodoRow.swift */ = {isa = PBXFileReference; lastKnownFileType = sourcecode.swift; path = TodoRow.swift; sourceTree = "<group>"; };
/* End PBXFileReference section */

/* Begin PBXFrameworksBuildPhase section */
		ED9ADA312973D1B6009371AF /* Frameworks */ = {
			isa = PBXFrameworksBuildPhase;
			buildActionMask = 2147483647;
			files = (
			);
			runOnlyForDeploymentPostprocessing = 0;
		};
/* End PBXFrameworksBuildPhase section */

/* Begin PBXGroup section */
		ED9ADA2B2973D1B6009371AF = {
			isa = PBXGroup;
			children = (
				ED9ADA362973D1B6009371AF /* TodoAppTutorial */,
				ED9ADA352973D1B6009371AF /* Products */,
			);
			sourceTree = "<group>";
		};
		ED9ADA352973D1B6009371AF /* Products */ = {
			isa = PBXGroup;
			children = (
				ED9ADA342973D1B6009371AF /* TodoAppTutorial.app */,
			);
			name = Products;
			sourceTree = "<group>";
		};
		ED9ADA362973D1B6009371AF /* TodoAppTutorial */ = {
			isa = PBXGroup;
			children = (
				EDFB79D32974101C009C6EFA /* SwiftUi */,
				EDFB79D02974089C009C6EFA /* Styles */,
				ED9ADA452973DA73009371AF /* UIKit */,
				ED9ADA372973D1B6009371AF /* TodoAppTutorialApp.swift */,
				EDFB79CE2973F4F4009C6EFA /* TodosView.swift */,
				EDFB79D6297411A6009C6EFA /* TodoRow.swift */,
				ED9ADA3B2973D1B6009371AF /* Assets.xcassets */,
				ED9ADA3D2973D1B6009371AF /* Preview Content */,
			);
			path = TodoAppTutorial;
			sourceTree = "<group>";
		};
		ED9ADA3D2973D1B6009371AF /* Preview Content */ = {
			isa = PBXGroup;
			children = (
				ED9ADA3E2973D1B6009371AF /* Preview Assets.xcassets */,
			);
			path = "Preview Content";
			sourceTree = "<group>";
		};
		ED9ADA452973DA73009371AF /* UIKit */ = {
			isa = PBXGroup;
			children = (
				ED9ADA462973DA85009371AF /* MainVC.storyboard */,
				ED9ADA482973DAA0009371AF /* MainVC.swift */,
				EDC478D32973E63D00CFFB4D /* TodoCell.xib */,
				EDC478D62973E8E200CFFB4D /* TodoCell.swift */,
			);
			path = UIKit;
			sourceTree = "<group>";
		};
		EDFB79D02974089C009C6EFA /* Styles */ = {
			isa = PBXGroup;
			children = (
				EDFB79D1297408B5009C6EFA /* Button+Style.swift */,
			);
			path = Styles;
			sourceTree = "<group>";
		};
		EDFB79D32974101C009C6EFA /* SwiftUi */ = {
			isa = PBXGroup;
			children = (
				EDFB79D429741038009C6EFA /* UISearchBarWrapper.swift */,
			);
			path = SwiftUi;
			sourceTree = "<group>";
		};
/* End PBXGroup section */

/* Begin PBXNativeTarget section */
		ED9ADA332973D1B6009371AF /* TodoAppTutorial */ = {
			isa = PBXNativeTarget;
			buildConfigurationList = ED9ADA422973D1B6009371AF /* Build configuration list for PBXNativeTarget "TodoAppTutorial" */;
			buildPhases = (
				ED9ADA302973D1B6009371AF /* Sources */,
				ED9ADA312973D1B6009371AF /* Frameworks */,
				ED9ADA322973D1B6009371AF /* Resources */,
			);
			buildRules = (
			);
			dependencies = (
			);
			name = TodoAppTutorial;
			productName = TodoAppTutorial;
			productReference = ED9ADA342973D1B6009371AF /* TodoAppTutorial.app */;
			productType = "com.apple.product-type.application";
		};
/* End PBXNativeTarget section */

/* Begin PBXProject section */
		ED9ADA2C2973D1B6009371AF /* Project object */ = {
			isa = PBXProject;
			attributes = {
				BuildIndependentTargetsInParallel = 1;
				LastSwiftUpdateCheck = 1420;
				LastUpgradeCheck = 1420;
				TargetAttributes = {
					ED9ADA332973D1B6009371AF = {
						CreatedOnToolsVersion = 14.2;
					};
				};
			};
			buildConfigurationList = ED9ADA2F2973D1B6009371AF /* Build configuration list for PBXProject "TodoAppTutorial" */;
			compatibilityVersion = "Xcode 14.0";
			developmentRegion = en;
			hasScannedForEncodings = 0;
			knownRegions = (
				en,
				Base,
			);
			mainGroup = ED9ADA2B2973D1B6009371AF;
			productRefGroup = ED9ADA352973D1B6009371AF /* Products */;
			projectDirPath = "";
			projectRoot = "";
			targets = (
				ED9ADA332973D1B6009371AF /* TodoAppTutorial */,
			);
		};
/* End PBXProject section */

/* Begin PBXResourcesBuildPhase section */
		ED9ADA322973D1B6009371AF /* Resources */ = {
			isa = PBXResourcesBuildPhase;
			buildActionMask = 2147483647;
			files = (
				ED9ADA472973DA85009371AF /* MainVC.storyboard in Resources */,
				ED9ADA3F2973D1B6009371AF /* Preview Assets.xcassets in Resources */,
				ED9ADA3C2973D1B6009371AF /* Assets.xcassets in Resources */,
				EDC478D42973E63D00CFFB4D /* TodoCell.xib in Resources */,
			);
			runOnlyForDeploymentPostprocessing = 0;
		};
/* End PBXResourcesBuildPhase section */

/* Begin PBXSourcesBuildPhase section */
		ED9ADA302973D1B6009371AF /* Sources */ = {
			isa = PBXSourcesBuildPhase;
			buildActionMask = 2147483647;
			files = (
				EDFB79CF2973F4F4009C6EFA /* TodosView.swift in Sources */,
				EDFB79D529741038009C6EFA /* UISearchBarWrapper.swift in Sources */,
				ED9ADA492973DAA0009371AF /* MainVC.swift in Sources */,
				EDFB79D2297408B5009C6EFA /* Button+Style.swift in Sources */,
				ED9ADA382973D1B6009371AF /* TodoAppTutorialApp.swift in Sources */,
				EDFB79D7297411A6009C6EFA /* TodoRow.swift in Sources */,
				EDC478D72973E8E200CFFB4D /* TodoCell.swift in Sources */,
			);
			runOnlyForDeploymentPostprocessing = 0;
		};
/* End PBXSourcesBuildPhase section */

/* Begin XCBuildConfiguration section */
		ED9ADA402973D1B6009371AF /* Debug */ = {
			isa = XCBuildConfiguration;
			buildSettings = {
				ALWAYS_SEARCH_USER_PATHS = NO;
				CLANG_ANALYZER_NONNULL = YES;
				CLANG_ANALYZER_NUMBER_OBJECT_CONVERSION = YES_AGGRESSIVE;
				CLANG_CXX_LANGUAGE_STANDARD = "gnu++20";
				CLANG_ENABLE_MODULES = YES;
				CLANG_ENABLE_OBJC_ARC = YES;
				CLANG_ENABLE_OBJC_WEAK = YES;
				CLANG_WARN_BLOCK_CAPTURE_AUTORELEASING = YES;
				CLANG_WARN_BOOL_CONVERSION = YES;
				CLANG_WARN_COMMA = YES;
				CLANG_WARN_CONSTANT_CONVERSION = YES;
				CLANG_WARN_DEPRECATED_OBJC_IMPLEMENTATIONS = YES;
				CLANG_WARN_DIRECT_OBJC_ISA_USAGE = YES_ERROR;
				CLANG_WARN_DOCUMENTATION_COMMENTS = YES;
				CLANG_WARN_EMPTY_BODY = YES;
				CLANG_WARN_ENUM_CONVERSION = YES;
				CLANG_WARN_INFINITE_RECURSION = YES;
				CLANG_WARN_INT_CONVERSION = YES;
				CLANG_WARN_NON_LITERAL_NULL_CONVERSION = YES;
				CLANG_WARN_OBJC_IMPLICIT_RETAIN_SELF = YES;
				CLANG_WARN_OBJC_LITERAL_CONVERSION = YES;
				CLANG_WARN_OBJC_ROOT_CLASS = YES_ERROR;
				CLANG_WARN_QUOTED_INCLUDE_IN_FRAMEWORK_HEADER = YES;
				CLANG_WARN_RANGE_LOOP_ANALYSIS = YES;
				CLANG_WARN_STRICT_PROTOTYPES = YES;
				CLANG_WARN_SUSPICIOUS_MOVE = YES;
				CLANG_WARN_UNGUARDED_AVAILABILITY = YES_AGGRESSIVE;
				CLANG_WARN_UNREACHABLE_CODE = YES;
				CLANG_WARN__DUPLICATE_METHOD_MATCH = YES;
				COPY_PHASE_STRIP = NO;
				DEBUG_INFORMATION_FORMAT = dwarf;
				ENABLE_STRICT_OBJC_MSGSEND = YES;
				ENABLE_TESTABILITY = YES;
				GCC_C_LANGUAGE_STANDARD = gnu11;
				GCC_DYNAMIC_NO_PIC = NO;
				GCC_NO_COMMON_BLOCKS = YES;
				GCC_OPTIMIZATION_LEVEL = 0;
				GCC_PREPROCESSOR_DEFINITIONS = (
					"DEBUG=1",
					"$(inherited)",
				);
				GCC_WARN_64_TO_32_BIT_CONVERSION = YES;
				GCC_WARN_ABOUT_RETURN_TYPE = YES_ERROR;
				GCC_WARN_UNDECLARED_SELECTOR = YES;
				GCC_WARN_UNINITIALIZED_AUTOS = YES_AGGRESSIVE;
				GCC_WARN_UNUSED_FUNCTION = YES;
				GCC_WARN_UNUSED_VARIABLE = YES;
				IPHONEOS_DEPLOYMENT_TARGET = 14.0;
				MTL_ENABLE_DEBUG_INFO = INCLUDE_SOURCE;
				MTL_FAST_MATH = YES;
				ONLY_ACTIVE_ARCH = YES;
				SDKROOT = iphoneos;
				SWIFT_ACTIVE_COMPILATION_CONDITIONS = DEBUG;
				SWIFT_OPTIMIZATION_LEVEL = "-Onone";
			};
			name = Debug;
		};
		ED9ADA412973D1B6009371AF /* Release */ = {
			isa = XCBuildConfiguration;
			buildSettings = {
				ALWAYS_SEARCH_USER_PATHS = NO;
				CLANG_ANALYZER_NONNULL = YES;
				CLANG_ANALYZER_NUMBER_OBJECT_CONVERSION = YES_AGGRESSIVE;
				CLANG_CXX_LANGUAGE_STANDARD = "gnu++20";
				CLANG_ENABLE_MODULES = YES;
				CLANG_ENABLE_OBJC_ARC = YES;
				CLANG_ENABLE_OBJC_WEAK = YES;
				CLANG_WARN_BLOCK_CAPTURE_AUTORELEASING = YES;
				CLANG_WARN_BOOL_CONVERSION = YES;
				CLANG_WARN_COMMA = YES;
				CLANG_WARN_CONSTANT_CONVERSION = YES;
				CLANG_WARN_DEPRECATED_OBJC_IMPLEMENTATIONS = YES;
				CLANG_WARN_DIRECT_OBJC_ISA_USAGE = YES_ERROR;
				CLANG_WARN_DOCUMENTATION_COMMENTS = YES;
				CLANG_WARN_EMPTY_BODY = YES;
				CLANG_WARN_ENUM_CONVERSION = YES;
				CLANG_WARN_INFINITE_RECURSION = YES;
				CLANG_WARN_INT_CONVERSION = YES;
				CLANG_WARN_NON_LITERAL_NULL_CONVERSION = YES;
				CLANG_WARN_OBJC_IMPLICIT_RETAIN_SELF = YES;
				CLANG_WARN_OBJC_LITERAL_CONVERSION = YES;
				CLANG_WARN_OBJC_ROOT_CLASS = YES_ERROR;
				CLANG_WARN_QUOTED_INCLUDE_IN_FRAMEWORK_HEADER = YES;
				CLANG_WARN_RANGE_LOOP_ANALYSIS = YES;
				CLANG_WARN_STRICT_PROTOTYPES = YES;
				CLANG_WARN_SUSPICIOUS_MOVE = YES;
				CLANG_WARN_UNGUARDED_AVAILABILITY = YES_AGGRESSIVE;
				CLANG_WARN_UNREACHABLE_CODE = YES;
				CLANG_WARN__DUPLICATE_METHOD_MATCH = YES;
				COPY_PHASE_STRIP = NO;
				DEBUG_INFORMATION_FORMAT = "dwarf-with-dsym";
				ENABLE_NS_ASSERTIONS = NO;
				ENABLE_STRICT_OBJC_MSGSEND = YES;
				GCC_C_LANGUAGE_STANDARD = gnu11;
				GCC_NO_COMMON_BLOCKS = YES;
				GCC_WARN_64_TO_32_BIT_CONVERSION = YES;
				GCC_WARN_ABOUT_RETURN_TYPE = YES_ERROR;
				GCC_WARN_UNDECLARED_SELECTOR = YES;
				GCC_WARN_UNINITIALIZED_AUTOS = YES_AGGRESSIVE;
				GCC_WARN_UNUSED_FUNCTION = YES;
				GCC_WARN_UNUSED_VARIABLE = YES;
				IPHONEOS_DEPLOYMENT_TARGET = 14.0;
				MTL_ENABLE_DEBUG_INFO = NO;
				MTL_FAST_MATH = YES;
				SDKROOT = iphoneos;
				SWIFT_COMPILATION_MODE = wholemodule;
				SWIFT_OPTIMIZATION_LEVEL = "-O";
				VALIDATE_PRODUCT = YES;
			};
			name = Release;
		};
		ED9ADA432973D1B6009371AF /* Debug */ = {
			isa = XCBuildConfiguration;
			buildSettings = {
				ASSETCATALOG_COMPILER_APPICON_NAME = AppIcon;
				ASSETCATALOG_COMPILER_GLOBAL_ACCENT_COLOR_NAME = AccentColor;
				CODE_SIGN_STYLE = Automatic;
				CURRENT_PROJECT_VERSION = 1;
				DEVELOPMENT_ASSET_PATHS = "\"TodoAppTutorial/Preview Content\"";
				DEVELOPMENT_TEAM = 82J7RU93V4;
				ENABLE_PREVIEWS = YES;
				GENERATE_INFOPLIST_FILE = YES;
				INFOPLIST_KEY_UIApplicationSceneManifest_Generation = YES;
				INFOPLIST_KEY_UIApplicationSupportsIndirectInputEvents = YES;
				INFOPLIST_KEY_UILaunchScreen_Generation = YES;
				INFOPLIST_KEY_UISupportedInterfaceOrientations_iPad = "UIInterfaceOrientationPortrait UIInterfaceOrientationPortraitUpsideDown UIInterfaceOrientationLandscapeLeft UIInterfaceOrientationLandscapeRight";
				INFOPLIST_KEY_UISupportedInterfaceOrientations_iPhone = "UIInterfaceOrientationPortrait UIInterfaceOrientationLandscapeLeft UIInterfaceOrientationLandscapeRight";
				IPHONEOS_DEPLOYMENT_TARGET = 14.0;
				LD_RUNPATH_SEARCH_PATHS = (
					"$(inherited)",
					"@executable_path/Frameworks",
				);
				MARKETING_VERSION = 1.0;
				PRODUCT_BUNDLE_IDENTIFIER = JongHoon.TodoAppTutorial;
				PRODUCT_NAME = "$(TARGET_NAME)";
				SWIFT_EMIT_LOC_STRINGS = YES;
				SWIFT_VERSION = 5.0;
				TARGETED_DEVICE_FAMILY = "1,2";
			};
			name = Debug;
		};
		ED9ADA442973D1B6009371AF /* Release */ = {
			isa = XCBuildConfiguration;
			buildSettings = {
				ASSETCATALOG_COMPILER_APPICON_NAME = AppIcon;
				ASSETCATALOG_COMPILER_GLOBAL_ACCENT_COLOR_NAME = AccentColor;
				CODE_SIGN_STYLE = Automatic;
				CURRENT_PROJECT_VERSION = 1;
				DEVELOPMENT_ASSET_PATHS = "\"TodoAppTutorial/Preview Content\"";
				DEVELOPMENT_TEAM = 82J7RU93V4;
				ENABLE_PREVIEWS = YES;
				GENERATE_INFOPLIST_FILE = YES;
				INFOPLIST_KEY_UIApplicationSceneManifest_Generation = YES;
				INFOPLIST_KEY_UIApplicationSupportsIndirectInputEvents = YES;
				INFOPLIST_KEY_UILaunchScreen_Generation = YES;
				INFOPLIST_KEY_UISupportedInterfaceOrientations_iPad = "UIInterfaceOrientationPortrait UIInterfaceOrientationPortraitUpsideDown UIInterfaceOrientationLandscapeLeft UIInterfaceOrientationLandscapeRight";
				INFOPLIST_KEY_UISupportedInterfaceOrientations_iPhone = "UIInterfaceOrientationPortrait UIInterfaceOrientationLandscapeLeft UIInterfaceOrientationLandscapeRight";
				IPHONEOS_DEPLOYMENT_TARGET = 14.0;
				LD_RUNPATH_SEARCH_PATHS = (
					"$(inherited)",
					"@executable_path/Frameworks",
				);
				MARKETING_VERSION = 1.0;
				PRODUCT_BUNDLE_IDENTIFIER = JongHoon.TodoAppTutorial;
				PRODUCT_NAME = "$(TARGET_NAME)";
				SWIFT_EMIT_LOC_STRINGS = YES;
				SWIFT_VERSION = 5.0;
				TARGETED_DEVICE_FAMILY = "1,2";
			};
			name = Release;
		};
/* End XCBuildConfiguration section */

/* Begin XCConfigurationList section */
		ED9ADA2F2973D1B6009371AF /* Build configuration list for PBXProject "TodoAppTutorial" */ = {
			isa = XCConfigurationList;
			buildConfigurations = (
				ED9ADA402973D1B6009371AF /* Debug */,
				ED9ADA412973D1B6009371AF /* Release */,
			);
			defaultConfigurationIsVisible = 0;
			defaultConfigurationName = Release;
		};
		ED9ADA422973D1B6009371AF /* Build configuration list for PBXNativeTarget "TodoAppTutorial" */ = {
			isa = XCConfigurationList;
			buildConfigurations = (
				ED9ADA432973D1B6009371AF /* Debug */,
				ED9ADA442973D1B6009371AF /* Release */,
			);
			defaultConfigurationIsVisible = 0;
			defaultConfigurationName = Release;
		};
/* End XCConfigurationList section */
	};
	rootObject = ED9ADA2C2973D1B6009371AF /* Project object */;
}
